
Microsoft Visual Studio Solution File, Format Version 12.00
# Visual Studio Version 16
VisualStudioVersion = 16.0.31729.503
MinimumVisualStudioVersion = 10.0.40219.1
Project("{FAE04EC0-301F-11D3-BF4B-00C04F79EFBC}") = "oop2", "oop2\oop2.csproj", "{306D14D7-6C56-44A0-A744-C6A2AEB096A9}"
EndProject
Global
	GlobalSection(SolutionConfigurationPlatforms) = preSolution
		Debug|Any CPU = Debug|Any CPU
		Release|Any CPU = Release|Any CPU
	EndGlobalSection
	GlobalSection(ProjectConfigurationPlatforms) = postSolution
		{306D14D7-6C56-44A0-A744-C6A2AEB096A9}.Debug|Any CPU.ActiveCfg = Debug|Any CPU
		{306D14D7-6C56-44A0-A744-C6A2AEB096A9}.Debug|Any CPU.Build.0 = Debug|Any CPU
		{306D14D7-6C56-44A0-A744-C6A2AEB096A9}.Release|Any CPU.ActiveCfg = Release|Any CPU
		{306D14D7-6C56-44A0-A744-C6A2AEB096A9}.Release|Any CPU.Build.0 = Release|Any CPU
	EndGlobalSection
	GlobalSection(SolutionProperties) = preSolution
		HideSolutionNode = FALSE
	EndGlobalSection
	GlobalSection(ExtensibilityGlobals) = postSolution
		SolutionGuid = {CD7BDD34-89D4-403B-8B00-CDA786EB587C}
	EndGlobalSection
EndGlobal
